
Microsoft Visual Studio Solution File, Format Version 12.00
# Visual Studio Version 16
VisualStudioVersion = 16.0.30204.135
MinimumVisualStudioVersion = 10.0.40219.1
Project("{FAE04EC0-301F-11D3-BF4B-00C04F79EFBC}") = "ApiTenStore", "ApiTenStore.csproj", "{B9941D58-F3E3-4931-8BB8-E8DCF5FC2965}"
EndProject
Global
	GlobalSection(SolutionConfigurationPlatforms) = preSolution
		Debug|Any CPU = Debug|Any CPU
		Release|Any CPU = Release|Any CPU
	EndGlobalSection
	GlobalSection(ProjectConfigurationPlatforms) = postSolution
		{B9941D58-F3E3-4931-8BB8-E8DCF5FC2965}.Debug|Any CPU.ActiveCfg = Debug|Any CPU
		{B9941D58-F3E3-4931-8BB8-E8DCF5FC2965}.Debug|Any CPU.Build.0 = Debug|Any CPU
		{B9941D58-F3E3-4931-8BB8-E8DCF5FC2965}.Release|Any CPU.ActiveCfg = Release|Any CPU
		{B9941D58-F3E3-4931-8BB8-E8DCF5FC2965}.Release|Any CPU.Build.0 = Release|Any CPU
	EndGlobalSection
	GlobalSection(SolutionProperties) = preSolution
		HideSolutionNode = FALSE
	EndGlobalSection
	GlobalSection(ExtensibilityGlobals) = postSolution
		SolutionGuid = {E23E2AFC-3848-4729-91F8-C1B6232E50F5}
	EndGlobalSection
EndGlobal
